// !$*UTF8*$!
{
	archiveVersion = 1;
	classes = {
	};
	objectVersion = 56;
	objects = {

/* Begin PBXBuildFile section */
		F1C2A40D2A6F9908008EBB33 /* WhereIsItApp.swift in Sources */ = {isa = PBXBuildFile; fileRef = F1C2A40C2A6F9908008EBB33 /* WhereIsItApp.swift */; };
		F1C2A4112A6F9909008EBB33 /* Assets.xcassets in Resources */ = {isa = PBXBuildFile; fileRef = F1C2A4102A6F9909008EBB33 /* Assets.xcassets */; };
		F1C2A4142A6F9909008EBB33 /* Preview Assets.xcassets in Resources */ = {isa = PBXBuildFile; fileRef = F1C2A4132A6F9909008EBB33 /* Preview Assets.xcassets */; };
		F1C2A41D2A6F9944008EBB33 /* Super.m4a in Resources */ = {isa = PBXBuildFile; fileRef = F1C2A41A2A6F9944008EBB33 /* Super.m4a */; };
		F1C2A41E2A6F9944008EBB33 /* WoIst.m4a in Resources */ = {isa = PBXBuildFile; fileRef = F1C2A41B2A6F9944008EBB33 /* WoIst.m4a */; };
		F1C2A41F2A6F9944008EBB33 /* DerHund.m4a in Resources */ = {isa = PBXBuildFile; fileRef = F1C2A41C2A6F9944008EBB33 /* DerHund.m4a */; };
		F1C2A4252A6F99BF008EBB33 /* FirstStageView.swift in Sources */ = {isa = PBXBuildFile; fileRef = F1C2A4222A6F99BF008EBB33 /* FirstStageView.swift */; };
		F1C2A4262A6F99BF008EBB33 /* ConfettiView.swift in Sources */ = {isa = PBXBuildFile; fileRef = F1C2A4232A6F99BF008EBB33 /* ConfettiView.swift */; };
		F1C2A4272A6F99BF008EBB33 /* FirstStage.swift in Sources */ = {isa = PBXBuildFile; fileRef = F1C2A4242A6F99BF008EBB33 /* FirstStage.swift */; };
		F1C2A42F2A6FA2C5008EBB33 /* .gitignore in Resources */ = {isa = PBXBuildFile; fileRef = F1C2A42E2A6FA2C5008EBB33 /* .gitignore */; };
		F1C2A4312A729AF5008EBB33 /* GameStageContainerView.swift in Sources */ = {isa = PBXBuildFile; fileRef = F1C2A4302A729AF5008EBB33 /* GameStageContainerView.swift */; };
		F1C2A4332A729DA1008EBB33 /* SecondStageView.swift in Sources */ = {isa = PBXBuildFile; fileRef = F1C2A4322A729DA1008EBB33 /* SecondStageView.swift */; };
		F1C2A4352A729DBA008EBB33 /* SecondStage.swift in Sources */ = {isa = PBXBuildFile; fileRef = F1C2A4342A729DBA008EBB33 /* SecondStage.swift */; };
		F1C2A4372A72A30B008EBB33 /* DerBall.m4a in Resources */ = {isa = PBXBuildFile; fileRef = F1C2A4362A72A0FA008EBB33 /* DerBall.m4a */; };
		F1C2A4392A72C58E008EBB33 /* AnyGameStage.swift in Sources */ = {isa = PBXBuildFile; fileRef = F1C2A4382A72C58E008EBB33 /* AnyGameStage.swift */; };
		F1C2A43B2A73910A008EBB33 /* ThirdStageView.swift in Sources */ = {isa = PBXBuildFile; fileRef = F1C2A43A2A73910A008EBB33 /* ThirdStageView.swift */; };
		F1C2A43D2A739145008EBB33 /* ThirdStage.swift in Sources */ = {isa = PBXBuildFile; fileRef = F1C2A43C2A739145008EBB33 /* ThirdStage.swift */; };
		F1C2A43F2A7446E5008EBB33 /* ImageListView.swift in Sources */ = {isa = PBXBuildFile; fileRef = F1C2A43E2A7446E5008EBB33 /* ImageListView.swift */; };
/* End PBXBuildFile section */

/* Begin PBXFileReference section */
		F1C2A4092A6F9908008EBB33 /* whereisit.app */ = {isa = PBXFileReference; explicitFileType = wrapper.application; includeInIndex = 0; path = whereisit.app; sourceTree = BUILT_PRODUCTS_DIR; };
		F1C2A40C2A6F9908008EBB33 /* WhereIsItApp.swift */ = {isa = PBXFileReference; lastKnownFileType = sourcecode.swift; path = WhereIsItApp.swift; sourceTree = "<group>"; };
		F1C2A4102A6F9909008EBB33 /* Assets.xcassets */ = {isa = PBXFileReference; lastKnownFileType = folder.assetcatalog; path = Assets.xcassets; sourceTree = "<group>"; };
		F1C2A4132A6F9909008EBB33 /* Preview Assets.xcassets */ = {isa = PBXFileReference; lastKnownFileType = folder.assetcatalog; path = "Preview Assets.xcassets"; sourceTree = "<group>"; };
		F1C2A41A2A6F9944008EBB33 /* Super.m4a */ = {isa = PBXFileReference; lastKnownFileType = file; path = Super.m4a; sourceTree = "<group>"; };
		F1C2A41B2A6F9944008EBB33 /* WoIst.m4a */ = {isa = PBXFileReference; lastKnownFileType = file; path = WoIst.m4a; sourceTree = "<group>"; };
		F1C2A41C2A6F9944008EBB33 /* DerHund.m4a */ = {isa = PBXFileReference; lastKnownFileType = file; path = DerHund.m4a; sourceTree = "<group>"; };
		F1C2A4222A6F99BF008EBB33 /* FirstStageView.swift */ = {isa = PBXFileReference; fileEncoding = 4; lastKnownFileType = sourcecode.swift; path = FirstStageView.swift; sourceTree = "<group>"; };
		F1C2A4232A6F99BF008EBB33 /* ConfettiView.swift */ = {isa = PBXFileReference; fileEncoding = 4; lastKnownFileType = sourcecode.swift; path = ConfettiView.swift; sourceTree = "<group>"; };
		F1C2A4242A6F99BF008EBB33 /* FirstStage.swift */ = {isa = PBXFileReference; fileEncoding = 4; lastKnownFileType = sourcecode.swift; path = FirstStage.swift; sourceTree = "<group>"; };
		F1C2A42A2A6F9BDC008EBB33 /* README.md */ = {isa = PBXFileReference; lastKnownFileType = net.daringfireball.markdown; path = README.md; sourceTree = "<group>"; };
		F1C2A42B2A6F9BDC008EBB33 /* LICENSE */ = {isa = PBXFileReference; lastKnownFileType = text; path = LICENSE; sourceTree = "<group>"; };
		F1C2A42E2A6FA2C5008EBB33 /* .gitignore */ = {isa = PBXFileReference; fileEncoding = 4; lastKnownFileType = text; path = .gitignore; sourceTree = "<group>"; };
		F1C2A4302A729AF5008EBB33 /* GameStageContainerView.swift */ = {isa = PBXFileReference; lastKnownFileType = sourcecode.swift; path = GameStageContainerView.swift; sourceTree = "<group>"; };
		F1C2A4322A729DA1008EBB33 /* SecondStageView.swift */ = {isa = PBXFileReference; lastKnownFileType = sourcecode.swift; path = SecondStageView.swift; sourceTree = "<group>"; };
		F1C2A4342A729DBA008EBB33 /* SecondStage.swift */ = {isa = PBXFileReference; lastKnownFileType = sourcecode.swift; path = SecondStage.swift; sourceTree = "<group>"; };
		F1C2A4362A72A0FA008EBB33 /* DerBall.m4a */ = {isa = PBXFileReference; lastKnownFileType = file; path = DerBall.m4a; sourceTree = "<group>"; };
		F1C2A4382A72C58E008EBB33 /* AnyGameStage.swift */ = {isa = PBXFileReference; lastKnownFileType = sourcecode.swift; path = AnyGameStage.swift; sourceTree = "<group>"; };
		F1C2A43A2A73910A008EBB33 /* ThirdStageView.swift */ = {isa = PBXFileReference; lastKnownFileType = sourcecode.swift; path = ThirdStageView.swift; sourceTree = "<group>"; };
		F1C2A43C2A739145008EBB33 /* ThirdStage.swift */ = {isa = PBXFileReference; lastKnownFileType = sourcecode.swift; path = ThirdStage.swift; sourceTree = "<group>"; };
		F1C2A43E2A7446E5008EBB33 /* ImageListView.swift */ = {isa = PBXFileReference; lastKnownFileType = sourcecode.swift; path = ImageListView.swift; sourceTree = "<group>"; };
/* End PBXFileReference section */

/* Begin PBXFrameworksBuildPhase section */
		F1C2A4062A6F9908008EBB33 /* Frameworks */ = {
			isa = PBXFrameworksBuildPhase;
			buildActionMask = 2147483647;
			files = (
			);
			runOnlyForDeploymentPostprocessing = 0;
		};
/* End PBXFrameworksBuildPhase section */

/* Begin PBXGroup section */
		F1C2A4002A6F9908008EBB33 = {
			isa = PBXGroup;
			children = (
				F1C2A42E2A6FA2C5008EBB33 /* .gitignore */,
				F1C2A42B2A6F9BDC008EBB33 /* LICENSE */,
				F1C2A42A2A6F9BDC008EBB33 /* README.md */,
				F1C2A40B2A6F9908008EBB33 /* whereisit */,
				F1C2A40A2A6F9908008EBB33 /* Products */,
			);
			sourceTree = "<group>";
		};
		F1C2A40A2A6F9908008EBB33 /* Products */ = {
			isa = PBXGroup;
			children = (
				F1C2A4092A6F9908008EBB33 /* whereisit.app */,
			);
			name = Products;
			sourceTree = "<group>";
		};
		F1C2A40B2A6F9908008EBB33 /* whereisit */ = {
			isa = PBXGroup;
			children = (
				F1C2A4102A6F9909008EBB33 /* Assets.xcassets */,
				F1C2A4202A6F9985008EBB33 /* audio */,
				F1C2A4122A6F9909008EBB33 /* Preview Content */,
				F1C2A4382A72C58E008EBB33 /* AnyGameStage.swift */,
				F1C2A4232A6F99BF008EBB33 /* ConfettiView.swift */,
				F1C2A4302A729AF5008EBB33 /* GameStageContainerView.swift */,
				F1C2A4242A6F99BF008EBB33 /* FirstStage.swift */,
				F1C2A4222A6F99BF008EBB33 /* FirstStageView.swift */,
				F1C2A4342A729DBA008EBB33 /* SecondStage.swift */,
				F1C2A4322A729DA1008EBB33 /* SecondStageView.swift */,
				F1C2A43C2A739145008EBB33 /* ThirdStage.swift */,
				F1C2A43A2A73910A008EBB33 /* ThirdStageView.swift */,
				F1C2A40C2A6F9908008EBB33 /* WhereIsItApp.swift */,
				F1C2A43E2A7446E5008EBB33 /* ImageListView.swift */,
			);
			path = whereisit;
			sourceTree = "<group>";
		};
		F1C2A4122A6F9909008EBB33 /* Preview Content */ = {
			isa = PBXGroup;
			children = (
				F1C2A4132A6F9909008EBB33 /* Preview Assets.xcassets */,
			);
			path = "Preview Content";
			sourceTree = "<group>";
		};
		F1C2A4202A6F9985008EBB33 /* audio */ = {
			isa = PBXGroup;
			children = (
				F1C2A4212A6F998E008EBB33 /* de */,
			);
			path = audio;
			sourceTree = "<group>";
		};
		F1C2A4212A6F998E008EBB33 /* de */ = {
			isa = PBXGroup;
			children = (
				F1C2A4362A72A0FA008EBB33 /* DerBall.m4a */,
				F1C2A41C2A6F9944008EBB33 /* DerHund.m4a */,
				F1C2A41A2A6F9944008EBB33 /* Super.m4a */,
				F1C2A41B2A6F9944008EBB33 /* WoIst.m4a */,
			);
			path = de;
			sourceTree = "<group>";
		};
/* End PBXGroup section */

/* Begin PBXNativeTarget section */
		F1C2A4082A6F9908008EBB33 /* whereisit */ = {
			isa = PBXNativeTarget;
			buildConfigurationList = F1C2A4172A6F9909008EBB33 /* Build configuration list for PBXNativeTarget "whereisit" */;
			buildPhases = (
				F1C2A4052A6F9908008EBB33 /* Sources */,
				F1C2A4062A6F9908008EBB33 /* Frameworks */,
				F1C2A4072A6F9908008EBB33 /* Resources */,
			);
			buildRules = (
			);
			dependencies = (
			);
			name = whereisit;
			productName = whereisit;
			productReference = F1C2A4092A6F9908008EBB33 /* whereisit.app */;
			productType = "com.apple.product-type.application";
		};
/* End PBXNativeTarget section */

/* Begin PBXProject section */
		F1C2A4012A6F9908008EBB33 /* Project object */ = {
			isa = PBXProject;
			attributes = {
				BuildIndependentTargetsInParallel = 1;
				LastSwiftUpdateCheck = 1430;
				LastUpgradeCheck = 1430;
				TargetAttributes = {
					F1C2A4082A6F9908008EBB33 = {
						CreatedOnToolsVersion = 14.3.1;
					};
				};
			};
			buildConfigurationList = F1C2A4042A6F9908008EBB33 /* Build configuration list for PBXProject "whereisit" */;
			compatibilityVersion = "Xcode 14.0";
			developmentRegion = en;
			hasScannedForEncodings = 0;
			knownRegions = (
				en,
				Base,
			);
			mainGroup = F1C2A4002A6F9908008EBB33;
			productRefGroup = F1C2A40A2A6F9908008EBB33 /* Products */;
			projectDirPath = "";
			projectRoot = "";
			targets = (
				F1C2A4082A6F9908008EBB33 /* whereisit */,
			);
		};
/* End PBXProject section */

/* Begin PBXResourcesBuildPhase section */
		F1C2A4072A6F9908008EBB33 /* Resources */ = {
			isa = PBXResourcesBuildPhase;
			buildActionMask = 2147483647;
			files = (
				F1C2A4142A6F9909008EBB33 /* Preview Assets.xcassets in Resources */,
				F1C2A41F2A6F9944008EBB33 /* DerHund.m4a in Resources */,
				F1C2A4112A6F9909008EBB33 /* Assets.xcassets in Resources */,
				F1C2A4372A72A30B008EBB33 /* DerBall.m4a in Resources */,
				F1C2A41D2A6F9944008EBB33 /* Super.m4a in Resources */,
				F1C2A42F2A6FA2C5008EBB33 /* .gitignore in Resources */,
				F1C2A41E2A6F9944008EBB33 /* WoIst.m4a in Resources */,
			);
			runOnlyForDeploymentPostprocessing = 0;
		};
/* End PBXResourcesBuildPhase section */

/* Begin PBXSourcesBuildPhase section */
		F1C2A4052A6F9908008EBB33 /* Sources */ = {
			isa = PBXSourcesBuildPhase;
			buildActionMask = 2147483647;
			files = (
				F1C2A43D2A739145008EBB33 /* ThirdStage.swift in Sources */,
				F1C2A43B2A73910A008EBB33 /* ThirdStageView.swift in Sources */,
				F1C2A4262A6F99BF008EBB33 /* ConfettiView.swift in Sources */,
				F1C2A4332A729DA1008EBB33 /* SecondStageView.swift in Sources */,
				F1C2A43F2A7446E5008EBB33 /* ImageListView.swift in Sources */,
				F1C2A4272A6F99BF008EBB33 /* FirstStage.swift in Sources */,
				F1C2A4312A729AF5008EBB33 /* GameStageContainerView.swift in Sources */,
				F1C2A4252A6F99BF008EBB33 /* FirstStageView.swift in Sources */,
				F1C2A40D2A6F9908008EBB33 /* WhereIsItApp.swift in Sources */,
				F1C2A4352A729DBA008EBB33 /* SecondStage.swift in Sources */,
				F1C2A4392A72C58E008EBB33 /* AnyGameStage.swift in Sources */,
			);
			runOnlyForDeploymentPostprocessing = 0;
		};
/* End PBXSourcesBuildPhase section */

/* Begin XCBuildConfiguration section */
		F1C2A4152A6F9909008EBB33 /* Debug */ = {
			isa = XCBuildConfiguration;
			buildSettings = {
				ALWAYS_SEARCH_USER_PATHS = NO;
				CLANG_ANALYZER_NONNULL = YES;
				CLANG_ANALYZER_NUMBER_OBJECT_CONVERSION = YES_AGGRESSIVE;
				CLANG_CXX_LANGUAGE_STANDARD = "gnu++20";
				CLANG_ENABLE_MODULES = YES;
				CLANG_ENABLE_OBJC_ARC = YES;
				CLANG_ENABLE_OBJC_WEAK = YES;
				CLANG_WARN_BLOCK_CAPTURE_AUTORELEASING = YES;
				CLANG_WARN_BOOL_CONVERSION = YES;
				CLANG_WARN_COMMA = YES;
				CLANG_WARN_CONSTANT_CONVERSION = YES;
				CLANG_WARN_DEPRECATED_OBJC_IMPLEMENTATIONS = YES;
				CLANG_WARN_DIRECT_OBJC_ISA_USAGE = YES_ERROR;
				CLANG_WARN_DOCUMENTATION_COMMENTS = YES;
				CLANG_WARN_EMPTY_BODY = YES;
				CLANG_WARN_ENUM_CONVERSION = YES;
				CLANG_WARN_INFINITE_RECURSION = YES;
				CLANG_WARN_INT_CONVERSION = YES;
				CLANG_WARN_NON_LITERAL_NULL_CONVERSION = YES;
				CLANG_WARN_OBJC_IMPLICIT_RETAIN_SELF = YES;
				CLANG_WARN_OBJC_LITERAL_CONVERSION = YES;
				CLANG_WARN_OBJC_ROOT_CLASS = YES_ERROR;
				CLANG_WARN_QUOTED_INCLUDE_IN_FRAMEWORK_HEADER = YES;
				CLANG_WARN_RANGE_LOOP_ANALYSIS = YES;
				CLANG_WARN_STRICT_PROTOTYPES = YES;
				CLANG_WARN_SUSPICIOUS_MOVE = YES;
				CLANG_WARN_UNGUARDED_AVAILABILITY = YES_AGGRESSIVE;
				CLANG_WARN_UNREACHABLE_CODE = YES;
				CLANG_WARN__DUPLICATE_METHOD_MATCH = YES;
				COPY_PHASE_STRIP = NO;
				DEBUG_INFORMATION_FORMAT = dwarf;
				ENABLE_STRICT_OBJC_MSGSEND = YES;
				ENABLE_TESTABILITY = YES;
				GCC_C_LANGUAGE_STANDARD = gnu11;
				GCC_DYNAMIC_NO_PIC = NO;
				GCC_NO_COMMON_BLOCKS = YES;
				GCC_OPTIMIZATION_LEVEL = 0;
				GCC_PREPROCESSOR_DEFINITIONS = (
					"DEBUG=1",
					"$(inherited)",
				);
				GCC_WARN_64_TO_32_BIT_CONVERSION = YES;
				GCC_WARN_ABOUT_RETURN_TYPE = YES_ERROR;
				GCC_WARN_UNDECLARED_SELECTOR = YES;
				GCC_WARN_UNINITIALIZED_AUTOS = YES_AGGRESSIVE;
				GCC_WARN_UNUSED_FUNCTION = YES;
				GCC_WARN_UNUSED_VARIABLE = YES;
				IPHONEOS_DEPLOYMENT_TARGET = 16.0;
				MTL_ENABLE_DEBUG_INFO = INCLUDE_SOURCE;
				MTL_FAST_MATH = YES;
				ONLY_ACTIVE_ARCH = YES;
				SDKROOT = iphoneos;
				SWIFT_ACTIVE_COMPILATION_CONDITIONS = DEBUG;
				SWIFT_OPTIMIZATION_LEVEL = "-Onone";
			};
			name = Debug;
		};
		F1C2A4162A6F9909008EBB33 /* Release */ = {
			isa = XCBuildConfiguration;
			buildSettings = {
				ALWAYS_SEARCH_USER_PATHS = NO;
				CLANG_ANALYZER_NONNULL = YES;
				CLANG_ANALYZER_NUMBER_OBJECT_CONVERSION = YES_AGGRESSIVE;
				CLANG_CXX_LANGUAGE_STANDARD = "gnu++20";
				CLANG_ENABLE_MODULES = YES;
				CLANG_ENABLE_OBJC_ARC = YES;
				CLANG_ENABLE_OBJC_WEAK = YES;
				CLANG_WARN_BLOCK_CAPTURE_AUTORELEASING = YES;
				CLANG_WARN_BOOL_CONVERSION = YES;
				CLANG_WARN_COMMA = YES;
				CLANG_WARN_CONSTANT_CONVERSION = YES;
				CLANG_WARN_DEPRECATED_OBJC_IMPLEMENTATIONS = YES;
				CLANG_WARN_DIRECT_OBJC_ISA_USAGE = YES_ERROR;
				CLANG_WARN_DOCUMENTATION_COMMENTS = YES;
				CLANG_WARN_EMPTY_BODY = YES;
				CLANG_WARN_ENUM_CONVERSION = YES;
				CLANG_WARN_INFINITE_RECURSION = YES;
				CLANG_WARN_INT_CONVERSION = YES;
				CLANG_WARN_NON_LITERAL_NULL_CONVERSION = YES;
				CLANG_WARN_OBJC_IMPLICIT_RETAIN_SELF = YES;
				CLANG_WARN_OBJC_LITERAL_CONVERSION = YES;
				CLANG_WARN_OBJC_ROOT_CLASS = YES_ERROR;
				CLANG_WARN_QUOTED_INCLUDE_IN_FRAMEWORK_HEADER = YES;
				CLANG_WARN_RANGE_LOOP_ANALYSIS = YES;
				CLANG_WARN_STRICT_PROTOTYPES = YES;
				CLANG_WARN_SUSPICIOUS_MOVE = YES;
				CLANG_WARN_UNGUARDED_AVAILABILITY = YES_AGGRESSIVE;
				CLANG_WARN_UNREACHABLE_CODE = YES;
				CLANG_WARN__DUPLICATE_METHOD_MATCH = YES;
				COPY_PHASE_STRIP = NO;
				DEBUG_INFORMATION_FORMAT = "dwarf-with-dsym";
				ENABLE_NS_ASSERTIONS = NO;
				ENABLE_STRICT_OBJC_MSGSEND = YES;
				GCC_C_LANGUAGE_STANDARD = gnu11;
				GCC_NO_COMMON_BLOCKS = YES;
				GCC_WARN_64_TO_32_BIT_CONVERSION = YES;
				GCC_WARN_ABOUT_RETURN_TYPE = YES_ERROR;
				GCC_WARN_UNDECLARED_SELECTOR = YES;
				GCC_WARN_UNINITIALIZED_AUTOS = YES_AGGRESSIVE;
				GCC_WARN_UNUSED_FUNCTION = YES;
				GCC_WARN_UNUSED_VARIABLE = YES;
				IPHONEOS_DEPLOYMENT_TARGET = 16.0;
				MTL_ENABLE_DEBUG_INFO = NO;
				MTL_FAST_MATH = YES;
				SDKROOT = iphoneos;
				SWIFT_COMPILATION_MODE = wholemodule;
				SWIFT_OPTIMIZATION_LEVEL = "-O";
				VALIDATE_PRODUCT = YES;
			};
			name = Release;
		};
		F1C2A4182A6F9909008EBB33 /* Debug */ = {
			isa = XCBuildConfiguration;
			buildSettings = {
				ASSETCATALOG_COMPILER_APPICON_NAME = AppIcon;
				ASSETCATALOG_COMPILER_GLOBAL_ACCENT_COLOR_NAME = AccentColor;
				CODE_SIGN_STYLE = Automatic;
				CURRENT_PROJECT_VERSION = 1;
				DEVELOPMENT_ASSET_PATHS = "\"whereisit/Preview Content\"";
				DEVELOPMENT_TEAM = 428XC7X7D3;
				ENABLE_PREVIEWS = YES;
				GENERATE_INFOPLIST_FILE = YES;
				INFOPLIST_KEY_CFBundleDisplayName = "Wo ist";
				INFOPLIST_KEY_UIApplicationSceneManifest_Generation = YES;
				INFOPLIST_KEY_UIApplicationSupportsIndirectInputEvents = YES;
				INFOPLIST_KEY_UILaunchScreen_Generation = YES;
				INFOPLIST_KEY_UISupportedInterfaceOrientations = "UIInterfaceOrientationLandscapeLeft UIInterfaceOrientationLandscapeRight UIInterfaceOrientationPortrait";
				INFOPLIST_KEY_UISupportedInterfaceOrientations_iPad = UIInterfaceOrientationLandscapeRight;
				IPHONEOS_DEPLOYMENT_TARGET = 16.0;
				LD_RUNPATH_SEARCH_PATHS = (
					"$(inherited)",
					"@executable_path/Frameworks",
				);
				MARKETING_VERSION = 1.0;
				PRODUCT_BUNDLE_IDENTIFIER = untouchables.inc.whereisit;
				PRODUCT_NAME = "$(TARGET_NAME)";
				SUPPORTED_PLATFORMS = "iphoneos iphonesimulator";
				SUPPORTS_MACCATALYST = NO;
				SUPPORTS_MAC_DESIGNED_FOR_IPHONE_IPAD = NO;
				SWIFT_EMIT_LOC_STRINGS = YES;
				SWIFT_VERSION = 5.0;
				TARGETED_DEVICE_FAMILY = 2;
			};
			name = Debug;
		};
		F1C2A4192A6F9909008EBB33 /* Release */ = {
			isa = XCBuildConfiguration;
			buildSettings = {
				ASSETCATALOG_COMPILER_APPICON_NAME = AppIcon;
				ASSETCATALOG_COMPILER_GLOBAL_ACCENT_COLOR_NAME = AccentColor;
				CODE_SIGN_STYLE = Automatic;
				CURRENT_PROJECT_VERSION = 1;
				DEVELOPMENT_ASSET_PATHS = "\"whereisit/Preview Content\"";
				DEVELOPMENT_TEAM = 428XC7X7D3;
				ENABLE_PREVIEWS = YES;
				GENERATE_INFOPLIST_FILE = YES;
				INFOPLIST_KEY_CFBundleDisplayName = "Wo ist";
				INFOPLIST_KEY_UIApplicationSceneManifest_Generation = YES;
				INFOPLIST_KEY_UIApplicationSupportsIndirectInputEvents = YES;
				INFOPLIST_KEY_UILaunchScreen_Generation = YES;
				INFOPLIST_KEY_UISupportedInterfaceOrientations = "UIInterfaceOrientationLandscapeLeft UIInterfaceOrientationLandscapeRight UIInterfaceOrientationPortrait";
				INFOPLIST_KEY_UISupportedInterfaceOrientations_iPad = UIInterfaceOrientationLandscapeRight;
				IPHONEOS_DEPLOYMENT_TARGET = 16.0;
				LD_RUNPATH_SEARCH_PATHS = (
					"$(inherited)",
					"@executable_path/Frameworks",
				);
				MARKETING_VERSION = 1.0;
				PRODUCT_BUNDLE_IDENTIFIER = untouchables.inc.whereisit;
				PRODUCT_NAME = "$(TARGET_NAME)";
				SUPPORTED_PLATFORMS = "iphoneos iphonesimulator";
				SUPPORTS_MACCATALYST = NO;
				SUPPORTS_MAC_DESIGNED_FOR_IPHONE_IPAD = NO;
				SWIFT_EMIT_LOC_STRINGS = YES;
				SWIFT_VERSION = 5.0;
				TARGETED_DEVICE_FAMILY = 2;
			};
			name = Release;
		};
/* End XCBuildConfiguration section */

/* Begin XCConfigurationList section */
		F1C2A4042A6F9908008EBB33 /* Build configuration list for PBXProject "whereisit" */ = {
			isa = XCConfigurationList;
			buildConfigurations = (
				F1C2A4152A6F9909008EBB33 /* Debug */,
				F1C2A4162A6F9909008EBB33 /* Release */,
			);
			defaultConfigurationIsVisible = 0;
			defaultConfigurationName = Release;
		};
		F1C2A4172A6F9909008EBB33 /* Build configuration list for PBXNativeTarget "whereisit" */ = {
			isa = XCConfigurationList;
			buildConfigurations = (
				F1C2A4182A6F9909008EBB33 /* Debug */,
				F1C2A4192A6F9909008EBB33 /* Release */,
			);
			defaultConfigurationIsVisible = 0;
			defaultConfigurationName = Release;
		};
/* End XCConfigurationList section */
	};
	rootObject = F1C2A4012A6F9908008EBB33 /* Project object */;
}
